
Microsoft Visual Studio Solution File, Format Version 12.00
# Visual Studio Version 16
VisualStudioVersion = 16.0.29613.14
MinimumVisualStudioVersion = 10.0.40219.1
Project("{FAE04EC0-301F-11D3-BF4B-00C04F79EFBC}") = "Basic_Perceptron", "Basic_Perceptron.csproj", "{6001ED06-C45C-4BE7-94AC-7B4FCD651CE6}"
EndProject
Global
	GlobalSection(SolutionConfigurationPlatforms) = preSolution
		Debug|Any CPU = Debug|Any CPU
		Release|Any CPU = Release|Any CPU
	EndGlobalSection
	GlobalSection(ProjectConfigurationPlatforms) = postSolution
		{6001ED06-C45C-4BE7-94AC-7B4FCD651CE6}.Debug|Any CPU.ActiveCfg = Debug|Any CPU
		{6001ED06-C45C-4BE7-94AC-7B4FCD651CE6}.Debug|Any CPU.Build.0 = Debug|Any CPU
		{6001ED06-C45C-4BE7-94AC-7B4FCD651CE6}.Release|Any CPU.ActiveCfg = Release|Any CPU
		{6001ED06-C45C-4BE7-94AC-7B4FCD651CE6}.Release|Any CPU.Build.0 = Release|Any CPU
	EndGlobalSection
	GlobalSection(SolutionProperties) = preSolution
		HideSolutionNode = FALSE
	EndGlobalSection
	GlobalSection(ExtensibilityGlobals) = postSolution
		SolutionGuid = {F284EE31-8AA0-43EF-ADE0-D954C623D099}
	EndGlobalSection
EndGlobal
